
Microsoft Visual Studio Solution File, Format Version 12.00
# Visual Studio Version 16
VisualStudioVersion = 16.0.29215.179
MinimumVisualStudioVersion = 10.0.40219.1
Project("{FAE04EC0-301F-11D3-BF4B-00C04F79EFBC}") = "PROV", "PROV\PROV.csproj", "{957D89E9-C2C6-4434-8D61-17704AB82C70}"
EndProject
Global
	GlobalSection(SolutionConfigurationPlatforms) = preSolution
		Debug|Any CPU = Debug|Any CPU
		Release|Any CPU = Release|Any CPU
	EndGlobalSection
	GlobalSection(ProjectConfigurationPlatforms) = postSolution
		{957D89E9-C2C6-4434-8D61-17704AB82C70}.Debug|Any CPU.ActiveCfg = Debug|Any CPU
		{957D89E9-C2C6-4434-8D61-17704AB82C70}.Debug|Any CPU.Build.0 = Debug|Any CPU
		{957D89E9-C2C6-4434-8D61-17704AB82C70}.Release|Any CPU.ActiveCfg = Release|Any CPU
		{957D89E9-C2C6-4434-8D61-17704AB82C70}.Release|Any CPU.Build.0 = Release|Any CPU
	EndGlobalSection
	GlobalSection(SolutionProperties) = preSolution
		HideSolutionNode = FALSE
	EndGlobalSection
	GlobalSection(ExtensibilityGlobals) = postSolution
		SolutionGuid = {6B338192-C9F1-427E-9C66-7EEC3D0E054E}
	EndGlobalSection
EndGlobal
